# This file is automatically @generated by Cargo.
# It is not intended for manual editing.
version = 4

[[package]]
name = "forgo"
version = "0.0.0"
dependencies = [
 "forgo-lib-cli 0.1.2",
]

[[package]]
name = "forgo-lib-cli"
version = "0.0.0"

[[package]]
name = "forgo-lib-cli"
version = "0.1.2"
source = "registry+https://github.com/rust-lang/crates.io-index"
checksum = "e566c5b8d2c0c42258ec53de5a64ded51b0a57fe420e6fccc581c1b014e0c98c"
